
Microsoft Visual Studio Solution File, Format Version 12.00
# Visual Studio Version 17
VisualStudioVersion = 17.1.32228.430
MinimumVisualStudioVersion = 10.0.40219.1
Project("{9A19103F-16F7-4668-BE54-9A1E7A4F7556}") = "Data", "PW\Data\Data.csproj", "{20646AE1-9099-4A1E-A851-3E546115DD65}"
EndProject
Project("{9A19103F-16F7-4668-BE54-9A1E7A4F7556}") = "Logic", "PW\Logic\Logic.csproj", "{86EC91C8-E79B-486F-93B1-709D801465D1}"
EndProject
Project("{2150E333-8FDC-42A3-9474-1A3956D46DE8}") = "Presentation", "Presentation", "{7E99A628-56A7-4901-A41D-162F797BE2C9}"
EndProject
Project("{9A19103F-16F7-4668-BE54-9A1E7A4F7556}") = "Model", "PW\Model\Model.csproj", "{D2E8BBCA-A3EE-4135-A534-D0AD8B4A4ACC}"
EndProject
Project("{9A19103F-16F7-4668-BE54-9A1E7A4F7556}") = "ViewModel", "PW\ViewModel\ViewModel.csproj", "{B33DD834-B4DF-4692-8D9F-416FA98D6652}"
EndProject
Project("{9A19103F-16F7-4668-BE54-9A1E7A4F7556}") = "View", "PW\View\View.csproj", "{D81DECFA-F4B5-49EB-81C5-EBB3E2F7C486}"
EndProject
Project("{9A19103F-16F7-4668-BE54-9A1E7A4F7556}") = "TestData", "Test\TestData.csproj", "{2E17F785-5C55-4945-A303-0154739EA6F8}"
EndProject
Project("{2150E333-8FDC-42A3-9474-1A3956D46DE8}") = "Solution Items", "Solution Items", "{1D2A5325-6048-4CBC-B819-68E94D045970}"
	ProjectSection(SolutionItems) = preProject
		.editorconfig = .editorconfig
	EndProjectSection
EndProject
Project("{FAE04EC0-301F-11D3-BF4B-00C04F79EFBC}") = "TestLogic", "TestLogic\TestLogic.csproj", "{C9486C5F-6FD9-46C5-8823-E3EC6CC1EECF}"
EndProject
Project("{2150E333-8FDC-42A3-9474-1A3956D46DE8}") = "Tests", "Tests", "{1DAD81C0-E076-491D-BE52-86C16C77B072}"
EndProject
Global
	GlobalSection(SolutionConfigurationPlatforms) = preSolution
		Debug|Any CPU = Debug|Any CPU
		Release|Any CPU = Release|Any CPU
	EndGlobalSection
	GlobalSection(ProjectConfigurationPlatforms) = postSolution
		{20646AE1-9099-4A1E-A851-3E546115DD65}.Debug|Any CPU.ActiveCfg = Debug|Any CPU
		{20646AE1-9099-4A1E-A851-3E546115DD65}.Debug|Any CPU.Build.0 = Debug|Any CPU
		{20646AE1-9099-4A1E-A851-3E546115DD65}.Release|Any CPU.ActiveCfg = Release|Any CPU
		{20646AE1-9099-4A1E-A851-3E546115DD65}.Release|Any CPU.Build.0 = Release|Any CPU
		{86EC91C8-E79B-486F-93B1-709D801465D1}.Debug|Any CPU.ActiveCfg = Debug|Any CPU
		{86EC91C8-E79B-486F-93B1-709D801465D1}.Debug|Any CPU.Build.0 = Debug|Any CPU
		{86EC91C8-E79B-486F-93B1-709D801465D1}.Release|Any CPU.ActiveCfg = Release|Any CPU
		{86EC91C8-E79B-486F-93B1-709D801465D1}.Release|Any CPU.Build.0 = Release|Any CPU
		{D2E8BBCA-A3EE-4135-A534-D0AD8B4A4ACC}.Debug|Any CPU.ActiveCfg = Debug|Any CPU
		{D2E8BBCA-A3EE-4135-A534-D0AD8B4A4ACC}.Debug|Any CPU.Build.0 = Debug|Any CPU
		{D2E8BBCA-A3EE-4135-A534-D0AD8B4A4ACC}.Release|Any CPU.ActiveCfg = Release|Any CPU
		{D2E8BBCA-A3EE-4135-A534-D0AD8B4A4ACC}.Release|Any CPU.Build.0 = Release|Any CPU
		{B33DD834-B4DF-4692-8D9F-416FA98D6652}.Debug|Any CPU.ActiveCfg = Debug|Any CPU
		{B33DD834-B4DF-4692-8D9F-416FA98D6652}.Debug|Any CPU.Build.0 = Debug|Any CPU
		{B33DD834-B4DF-4692-8D9F-416FA98D6652}.Release|Any CPU.ActiveCfg = Release|Any CPU
		{B33DD834-B4DF-4692-8D9F-416FA98D6652}.Release|Any CPU.Build.0 = Release|Any CPU
		{D81DECFA-F4B5-49EB-81C5-EBB3E2F7C486}.Debug|Any CPU.ActiveCfg = Debug|Any CPU
		{D81DECFA-F4B5-49EB-81C5-EBB3E2F7C486}.Debug|Any CPU.Build.0 = Debug|Any CPU
		{D81DECFA-F4B5-49EB-81C5-EBB3E2F7C486}.Release|Any CPU.ActiveCfg = Release|Any CPU
		{D81DECFA-F4B5-49EB-81C5-EBB3E2F7C486}.Release|Any CPU.Build.0 = Release|Any CPU
		{2E17F785-5C55-4945-A303-0154739EA6F8}.Debug|Any CPU.ActiveCfg = Debug|Any CPU
		{2E17F785-5C55-4945-A303-0154739EA6F8}.Debug|Any CPU.Build.0 = Debug|Any CPU
		{2E17F785-5C55-4945-A303-0154739EA6F8}.Release|Any CPU.ActiveCfg = Release|Any CPU
		{2E17F785-5C55-4945-A303-0154739EA6F8}.Release|Any CPU.Build.0 = Release|Any CPU
		{C9486C5F-6FD9-46C5-8823-E3EC6CC1EECF}.Debug|Any CPU.ActiveCfg = Debug|Any CPU
		{C9486C5F-6FD9-46C5-8823-E3EC6CC1EECF}.Debug|Any CPU.Build.0 = Debug|Any CPU
		{C9486C5F-6FD9-46C5-8823-E3EC6CC1EECF}.Release|Any CPU.ActiveCfg = Release|Any CPU
		{C9486C5F-6FD9-46C5-8823-E3EC6CC1EECF}.Release|Any CPU.Build.0 = Release|Any CPU
	EndGlobalSection
	GlobalSection(SolutionProperties) = preSolution
		HideSolutionNode = FALSE
	EndGlobalSection
	GlobalSection(NestedProjects) = preSolution
		{D2E8BBCA-A3EE-4135-A534-D0AD8B4A4ACC} = {7E99A628-56A7-4901-A41D-162F797BE2C9}
		{B33DD834-B4DF-4692-8D9F-416FA98D6652} = {7E99A628-56A7-4901-A41D-162F797BE2C9}
		{D81DECFA-F4B5-49EB-81C5-EBB3E2F7C486} = {7E99A628-56A7-4901-A41D-162F797BE2C9}
		{2E17F785-5C55-4945-A303-0154739EA6F8} = {1DAD81C0-E076-491D-BE52-86C16C77B072}
		{C9486C5F-6FD9-46C5-8823-E3EC6CC1EECF} = {1DAD81C0-E076-491D-BE52-86C16C77B072}
	EndGlobalSection
	GlobalSection(ExtensibilityGlobals) = postSolution
		SolutionGuid = {42E7A453-A627-4ACB-B057-583A8F67C496}
	EndGlobalSection
EndGlobal
